
Microsoft Visual Studio Solution File, Format Version 12.00
# Visual Studio Version 17
VisualStudioVersion = 17.14.36518.9
MinimumVisualStudioVersion = 10.0.40219.1
Project("{FAE04EC0-301F-11D3-BF4B-00C04F79EFBC}") = "Acessly", "Acessly\Acessly.csproj", "{DF5651BD-471E-4105-B807-853FFA941E57}"
EndProject
Project("{FAE04EC0-301F-11D3-BF4B-00C04F79EFBC}") = "Acessly.UI", "Acessly.UI\Acessly.UI.csproj", "{97DA4824-0317-4AF1-AD21-864DFFAAF479}"
EndProject
Global
	GlobalSection(SolutionConfigurationPlatforms) = preSolution
		Debug|Any CPU = Debug|Any CPU
		Release|Any CPU = Release|Any CPU
	EndGlobalSection
	GlobalSection(ProjectConfigurationPlatforms) = postSolution
		{DF5651BD-471E-4105-B807-853FFA941E57}.Debug|Any CPU.ActiveCfg = Debug|Any CPU
		{DF5651BD-471E-4105-B807-853FFA941E57}.Debug|Any CPU.Build.0 = Debug|Any CPU
		{DF5651BD-471E-4105-B807-853FFA941E57}.Release|Any CPU.ActiveCfg = Release|Any CPU
		{DF5651BD-471E-4105-B807-853FFA941E57}.Release|Any CPU.Build.0 = Release|Any CPU
		{97DA4824-0317-4AF1-AD21-864DFFAAF479}.Debug|Any CPU.ActiveCfg = Debug|Any CPU
		{97DA4824-0317-4AF1-AD21-864DFFAAF479}.Debug|Any CPU.Build.0 = Debug|Any CPU
		{97DA4824-0317-4AF1-AD21-864DFFAAF479}.Release|Any CPU.ActiveCfg = Release|Any CPU
		{97DA4824-0317-4AF1-AD21-864DFFAAF479}.Release|Any CPU.Build.0 = Release|Any CPU
	EndGlobalSection
	GlobalSection(SolutionProperties) = preSolution
		HideSolutionNode = FALSE
	EndGlobalSection
	GlobalSection(ExtensibilityGlobals) = postSolution
		SolutionGuid = {E2E8B486-C144-4424-8A68-1A29DF98BA46}
	EndGlobalSection
EndGlobal
